
Microsoft Visual Studio Solution File, Format Version 12.00
# Visual Studio Version 17
VisualStudioVersion = 17.11.35222.181
MinimumVisualStudioVersion = 10.0.40219.1
Project("{9A19103F-16F7-4668-BE54-9A1E7A4F7556}") = "Konteh.FrontOfficeApi", "Konteh.FrontOfficeApi\Konteh.FrontOfficeApi.csproj", "{3BEA30DD-7A23-46DA-BFD1-7AB90B0B8DD5}"
EndProject
Project("{9A19103F-16F7-4668-BE54-9A1E7A4F7556}") = "Konteh.BackOfficeApi", "Konteh.BackOfficeApi\Konteh.BackOfficeApi.csproj", "{BA93093F-2916-4BD0-B9E5-5793112CFFF0}"
EndProject
Global
	GlobalSection(SolutionConfigurationPlatforms) = preSolution
		Debug|Any CPU = Debug|Any CPU
		Release|Any CPU = Release|Any CPU
	EndGlobalSection
	GlobalSection(ProjectConfigurationPlatforms) = postSolution
		{3BEA30DD-7A23-46DA-BFD1-7AB90B0B8DD5}.Debug|Any CPU.ActiveCfg = Debug|Any CPU
		{3BEA30DD-7A23-46DA-BFD1-7AB90B0B8DD5}.Debug|Any CPU.Build.0 = Debug|Any CPU
		{3BEA30DD-7A23-46DA-BFD1-7AB90B0B8DD5}.Release|Any CPU.ActiveCfg = Release|Any CPU
		{3BEA30DD-7A23-46DA-BFD1-7AB90B0B8DD5}.Release|Any CPU.Build.0 = Release|Any CPU
		{BA93093F-2916-4BD0-B9E5-5793112CFFF0}.Debug|Any CPU.ActiveCfg = Debug|Any CPU
		{BA93093F-2916-4BD0-B9E5-5793112CFFF0}.Debug|Any CPU.Build.0 = Debug|Any CPU
		{BA93093F-2916-4BD0-B9E5-5793112CFFF0}.Release|Any CPU.ActiveCfg = Release|Any CPU
		{BA93093F-2916-4BD0-B9E5-5793112CFFF0}.Release|Any CPU.Build.0 = Release|Any CPU
	EndGlobalSection
	GlobalSection(SolutionProperties) = preSolution
		HideSolutionNode = FALSE
	EndGlobalSection
	GlobalSection(ExtensibilityGlobals) = postSolution
		SolutionGuid = {0F1E1BEB-F7A7-452E-BFE3-1B8E4B0F5444}
	EndGlobalSection
EndGlobal
